{"format_version":"1.0","terraform_version":"1.1.2","variables":{"aws_access_key":{"value":"AKIAYLJ5IFZNCFS6IJUF"},"aws_secret_key":{"value":"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"},"region":{"value":"us-east-2"}},"planned_values":{"root_module":{"child_modules":[{"resources":[{"address":"module.compute.aws_instance.ebs_optimized","mode":"managed","type":"aws_instance","name":"ebs_optimized","provider_name":"registry.terraform.io/hashicorp/aws","schema_version":1,"values":{"ami":"ami-830c94e3","credit_specification":[],"ebs_optimized":false,"get_password_data":false,"hibernation":null,"iam_instance_profile":null,"instance_type":"t2.micro","launch_template":[],"source_dest_check":true,"tags":{"Name":"ExampleAppServerInstance"},"tags_all":{"Name":"ExampleAppServerInstance"},"timeouts":null,"volume_tags":null},"sensitive_values":{"capacity_reservation_specification":[],"credit_specification":[],"ebs_block_device":[],"enclave_options":[],"ephemeral_block_device":[],"ipv6_addresses":[],"launch_template":[],"metadata_options":[],"network_interface":[],"root_block_device":[],"secondary_private_ips":[],"security_groups":[],"tags":{},"tags_all":{},"vpc_security_group_ids":[]}},{"address":"module.compute.aws_instance.monitoring","mode":"managed","type":"aws_instance","name":"monitoring","provider_name":"registry.terraform.io/hashicorp/aws","schema_version":1,"values":{"ami":"app-123","credit_specification":[],"get_password_data":false,"hibernation":null,"iam_instance_profile":null,"instance_type":"t2.micro","launch_template":[],"monitoring":false,"source_dest_check":true,"tags":{"Name":"ExampleAppServerInstance"},"tags_all":{"Name":"ExampleAppServerInstance"},"timeouts":null,"volume_tags":null},"sensitive_values":{"capacity_reservation_specification":[],"credit_specification":[],"ebs_block_device":[],"enclave_options":[],"ephemeral_block_device":[],"ipv6_addresses":[],"launch_template":[],"metadata_options":[],"network_interface":[],"root_block_device":[],"secondary_private_ips":[],"security_groups":[],"tags":{},"tags_all":{},"vpc_security_group_ids":[]}}],"address":"module.compute"},{"resources":[{"address":"module.network.aws_security_group.sg","mode":"managed","type":"aws_security_group","name":"sg","provider_name":"registry.terraform.io/hashicorp/aws","schema_version":1,"values":{"description":"Managed by Terraform","ingress":[{"cidr_blocks":["0.0.0.0/0"],"description":"CIFS","from_port":3020,"ipv6_cidr_blocks":[],"prefix_list_ids":[],"protocol":"tcp","security_groups":[],"self":false,"to_port":3020},{"cidr_blocks":["0.0.0.0/0"],"description":"Cassandra","from_port":7001,"ipv6_cidr_blocks":[],"prefix_list_ids":[],"protocol":"tcp","security_groups":[],"self":false,"to_port":7001},{"cidr_blocks":["0.0.0.0/0"],"description":"ES","from_port":9200,"ipv6_cidr_blocks":[],"prefix_list_ids":[],"protocol":"tcp","security_groups":[],"self":false,"to_port":9200},{"cidr_blocks":["0.0.0.0/0"],"description":"ES9300","from_port":9300,"ipv6_cidr_blocks":[],"prefix_list_ids":[],"protocol":"tcp","security_groups":[],"self":false,"to_port":9300},{"cidr_blocks":["0.0.0.0/0"],"description":"Hadoop","from_port":9000,"ipv6_cidr_blocks":[],"prefix_list_ids":[],"protocol":"tcp","security_groups":[],"self":false,"to_port":9000},{"cidr_blocks":["0.0.0.0/0"],"description":"LDAP","from_port":636,"ipv6_cidr_blocks":[],"prefix_list_ids":[],"protocol":"tcp","security_groups":[],"self":false,"to_port":636},{"cidr_blocks":["0.0.0.0/0"],"description":"MSSQLadmin","from_port":1433,"ipv6_cidr_blocks":[],"prefix_list_ids":[],"protocol":"tcp","security_groups":[],"self":false,"to_port":1433},{"cidr_blocks":["0.0.0.0/0"],"description":"MSSQLadmin","from_port":1434,"ipv6_cidr_blocks":[],"prefix_list_ids":[],"protocol":"tcp","security_groups":[],"self":false,"to_port":1434},{"cidr_blocks":["0.0.0.0/0"],"description":"MSSQLbrowser","from_port":1434,"ipv6_cidr_blocks":[],"prefix_list_ids":[],"protocol":"udp","security_groups":[],"self":false,"to_port":1434},{"cidr_blocks":["0.0.0.0/0"],"description":"Mongo","from_port":27017,"ipv6_cidr_blocks":[],"prefix_list_ids":[],"protocol":"tcp","security_groups":[],"self":false,"to_port":27017},{"cidr_blocks":["0.0.0.0/0"],"description":"MySQL","from_port":3306,"ipv6_cidr_blocks":[],"prefix_list_ids":[],"protocol":"tcp","security_groups":[],"self":false,"to_port":3306},{"cidr_blocks":["0.0.0.0/0"],"description":"Oracle","from_port":1521,"ipv6_cidr_blocks":[],"prefix_list_ids":[],"protocol":"tcp","security_groups":[],"self":false,"to_port":1521},{"cidr_blocks":["0.0.0.0/0"],"description":"Postgress","from_port":5432,"ipv6_cidr_blocks":[],"prefix_list_ids":[],"protocol":"tcp","security_groups":[],"self":false,"to_port":5432},{"cidr_blocks":["0.0.0.0/0"],"description":"Public","from_port":0,"ipv6_cidr_blocks":[],"prefix_list_ids":[],"protocol":"tcp","security_groups":[],"self":false,"to_port":65535},{"cidr_blocks":["0.0.0.0/0"],"description":"RDP","from_port":3389,"ipv6_cidr_blocks":[],"prefix_list_ids":[],"protocol":"rdp","security_groups":[],"self":false,"to_port":3389},{"cidr_blocks":["0.0.0.0/0"],"description":"SMTP","from_port":25,"ipv6_cidr_blocks":[],"prefix_list_ids":[],"protocol":"tcp","security_groups":[],"self":false,"to_port":25},{"cidr_blocks":["0.0.0.0/0"],"description":"SSM","from_port":4505,"ipv6_cidr_blocks":[],"prefix_list_ids":[],"protocol":"tcp","security_groups":[],"self":false,"to_port":4505},{"cidr_blocks":["0.0.0.0/0"],"description":"cassandraops","from_port":61621,"ipv6_cidr_blocks":[],"prefix_list_ids":[],"protocol":"tcp","security_groups":[],"self":false,"to_port":61621},{"cidr_blocks":["0.0.0.0/0"],"description":"http","from_port":80,"ipv6_cidr_blocks":[],"prefix_list_ids":[],"protocol":"tcp","security_groups":[],"self":false,"to_port":80},{"cidr_blocks":["0.0.0.0/0"],"description":"https","from_port":443,"ipv6_cidr_blocks":[],"prefix_list_ids":[],"protocol":"tcp","security_groups":[],"self":false,"to_port":443},{"cidr_blocks":["0.0.0.0/0"],"description":"ssh","from_port":22,"ipv6_cidr_blocks":[],"prefix_list_ids":[],"protocol":"tcp","security_groups":[],"self":false,"to_port":22},{"cidr_blocks":["0.0.0.0/0"],"description":"telnet","from_port":23,"ipv6_cidr_blocks":[],"prefix_list_ids":[],"protocol":"tcp","security_groups":[],"self":false,"to_port":23}],"revoke_rules_on_delete":false,"tags":null,"timeouts":null},"sensitive_values":{"egress":[],"ingress":[{"cidr_blocks":[false],"ipv6_cidr_blocks":[],"prefix_list_ids":[],"security_groups":[]},{"cidr_blocks":[false],"ipv6_cidr_blocks":[],"prefix_list_ids":[],"security_groups":[]},{"cidr_blocks":[false],"ipv6_cidr_blocks":[],"prefix_list_ids":[],"security_groups":[]},{"cidr_blocks":[false],"ipv6_cidr_blocks":[],"prefix_list_ids":[],"security_groups":[]},{"cidr_blocks":[false],"ipv6_cidr_blocks":[],"prefix_list_ids":[],"security_groups":[]},{"cidr_blocks":[false],"ipv6_cidr_blocks":[],"prefix_list_ids":[],"security_groups":[]},{"cidr_blocks":[false],"ipv6_cidr_blocks":[],"prefix_list_ids":[],"security_groups":[]},{"cidr_blocks":[false],"ipv6_cidr_blocks":[],"prefix_list_ids":[],"security_groups":[]},{"cidr_blocks":[false],"ipv6_cidr_blocks":[],"prefix_list_ids":[],"security_groups":[]},{"cidr_blocks":[false],"ipv6_cidr_blocks":[],"prefix_list_ids":[],"security_groups":[]},{"cidr_blocks":[false],"ipv6_cidr_blocks":[],"prefix_list_ids":[],"security_groups":[]},{"cidr_blocks":[false],"ipv6_cidr_blocks":[],"prefix_list_ids":[],"security_groups":[]},{"cidr_blocks":[false],"ipv6_cidr_blocks":[],"prefix_list_ids":[],"security_groups":[]},{"cidr_blocks":[false],"ipv6_cidr_blocks":[],"prefix_list_ids":[],"security_groups":[]},{"cidr_blocks":[false],"ipv6_cidr_blocks":[],"prefix_list_ids":[],"security_groups":[]},{"cidr_blocks":[false],"ipv6_cidr_blocks":[],"prefix_list_ids":[],"security_groups":[]},{"cidr_blocks":[false],"ipv6_cidr_blocks":[],"prefix_list_ids":[],"security_groups":[]},{"cidr_blocks":[false],"ipv6_cidr_blocks":[],"prefix_list_ids":[],"security_groups":[]},{"cidr_blocks":[false],"ipv6_cidr_blocks":[],"prefix_list_ids":[],"security_groups":[]},{"cidr_blocks":[false],"ipv6_cidr_blocks":[],"prefix_list_ids":[],"security_groups":[]},{"cidr_blocks":[false],"ipv6_cidr_blocks":[],"prefix_list_ids":[],"security_groups":[]},{"cidr_blocks":[false],"ipv6_cidr_blocks":[],"prefix_list_ids":[],"security_groups":[]}],"tags_all":{}}}],"address":"module.network"},{"resources":[{"address":"module.storage.aws_db_instance.education","mode":"managed","type":"aws_db_instance","name":"education","provider_name":"registry.terraform.io/hashicorp/aws","schema_version":1,"values":{"allocated_storage":10,"allow_major_version_upgrade":null,"auto_minor_version_upgrade":true,"backup_retention_period":-1,"copy_tags_to_snapshot":false,"customer_owned_ip_enabled":null,"delete_automated_backups":true,"deletion_protection":null,"domain":null,"domain_iam_role_name":null,"enabled_cloudwatch_logs_exports":null,"final_snapshot_identifier":null,"iam_database_authentication_enabled":null,"instance_class":"db.t3.micro","iops":null,"max_allocated_storage":null,"monitoring_interval":0,"name":"edu","password":null,"performance_insights_enabled":false,"publicly_accessible":false,"replica_mode":null,"replicate_source_db":null,"restore_to_point_in_time":[],"s3_import":[],"security_group_names":null,"skip_final_snapshot":false,"storage_encrypted":false,"tags":null,"timeouts":null},"sensitive_values":{"replicas":[],"restore_to_point_in_time":[],"s3_import":[],"tags_all":{},"vpc_security_group_ids":[]}},{"address":"module.storage.aws_ebs_volume.example","mode":"managed","type":"aws_ebs_volume","name":"example","provider_name":"registry.terraform.io/hashicorp/aws","schema_version":0,"values":{"availability_zone":"us-west-2a","encrypted":false,"multi_attach_enabled":null,"outpost_arn":null,"size":40,"tags":{"Name":"HelloWorld"},"tags_all":{"Name":"HelloWorld"}},"sensitive_values":{"tags":{},"tags_all":{}}},{"address":"module.storage.aws_s3_bucket.log_bucket","mode":"managed","type":"aws_s3_bucket","name":"log_bucket","provider_name":"registry.terraform.io/hashicorp/aws","schema_version":0,"values":{"acl":"private","bucket":"examplebuckettftest","bucket_prefix":null,"cors_rule":[],"force_destroy":false,"grant":[],"lifecycle_rule":[],"logging":[],"policy":null,"replication_configuration":[],"server_side_encryption_configuration":[],"tags":null,"website":[]},"sensitive_values":{"cors_rule":[],"grant":[],"lifecycle_rule":[],"logging":[],"object_lock_configuration":[],"replication_configuration":[],"server_side_encryption_configuration":[],"tags_all":{},"versioning":[],"website":[]}},{"address":"module.storage.aws_s3_bucket.logging","mode":"managed","type":"aws_s3_bucket","name":"logging","provider_name":"registry.terraform.io/hashicorp/aws","schema_version":0,"values":{"acl":"private","bucket":"examplebuckettftest","bucket_prefix":null,"cors_rule":[],"force_destroy":false,"grant":[],"lifecycle_rule":[],"logging":[],"policy":null,"replication_configuration":[],"server_side_encryption_configuration":[],"tags":null,"website":[]},"sensitive_values":{"cors_rule":[],"grant":[],"lifecycle_rule":[],"logging":[],"object_lock_configuration":[],"replication_configuration":[],"server_side_encryption_configuration":[],"tags_all":{},"versioning":[],"website":[]}},{"address":"module.storage.aws_s3_bucket.mfadelete","mode":"managed","type":"aws_s3_bucket","name":"mfadelete","provider_name":"registry.terraform.io/hashicorp/aws","schema_version":0,"values":{"acl":"private","bucket":"examplebuckettftest","bucket_prefix":null,"cors_rule":[],"force_destroy":false,"grant":[],"lifecycle_rule":[],"logging":[{"target_prefix":"log/"}],"policy":null,"replication_configuration":[],"server_side_encryption_configuration":[],"tags":null,"versioning":[{"enabled":false,"mfa_delete":false}],"website":[]},"sensitive_values":{"cors_rule":[],"grant":[],"lifecycle_rule":[],"logging":[{}],"object_lock_configuration":[],"replication_configuration":[],"server_side_encryption_configuration":[],"tags_all":{},"versioning":[{}],"website":[]}},{"address":"module.storage.aws_s3_bucket.publicread","mode":"managed","type":"aws_s3_bucket","name":"publicread","provider_name":"registry.terraform.io/hashicorp/aws","schema_version":0,"values":{"acl":"public-read","bucket":"examplebuckettftest","bucket_prefix":null,"cors_rule":[],"force_destroy":false,"grant":[],"lifecycle_rule":[],"logging":[{"target_prefix":"log/"}],"policy":null,"replication_configuration":[],"server_side_encryption_configuration":[],"tags":null,"versioning":[{"enabled":true,"mfa_delete":false}],"website":[]},"sensitive_values":{"cors_rule":[],"grant":[],"lifecycle_rule":[],"logging":[{}],"object_lock_configuration":[],"replication_configuration":[],"server_side_encryption_configuration":[],"tags_all":{},"versioning":[{}],"website":[]}},{"address":"module.storage.aws_s3_bucket.statictwebhosting","mode":"managed","type":"aws_s3_bucket","name":"statictwebhosting","provider_name":"registry.terraform.io/hashicorp/aws","schema_version":0,"values":{"acl":"private","bucket":"examplebuckettftest","bucket_prefix":null,"cors_rule":[],"force_destroy":false,"grant":[],"lifecycle_rule":[],"logging":[],"policy":null,"replication_configuration":[],"server_side_encryption_configuration":[],"tags":null,"website":[{"error_document":"error.html","index_document":"index.html","redirect_all_requests_to":null,"routing_rules":"[{\"Condition\":{\"KeyPrefixEquals\":\"docs/\"},\"Redirect\":{\"ReplaceKeyPrefixWith\":\"documents/\"}}]"}]},"sensitive_values":{"cors_rule":[],"grant":[],"lifecycle_rule":[],"logging":[],"object_lock_configuration":[],"replication_configuration":[],"server_side_encryption_configuration":[],"tags_all":{},"versioning":[],"website":[{}]}},{"address":"module.storage.aws_s3_bucket.unestrictedaccess","mode":"managed","type":"aws_s3_bucket","name":"unestrictedaccess","provider_name":"registry.terraform.io/hashicorp/aws","schema_version":0,"values":{"acl":"public-read-write","bucket":"examplebuckettftest","bucket_prefix":null,"cors_rule":[],"force_destroy":false,"grant":[],"lifecycle_rule":[],"logging":[{"target_prefix":"log/"}],"policy":null,"replication_configuration":[],"server_side_encryption_configuration":[],"tags":null,"versioning":[{"enabled":true,"mfa_delete":false}],"website":[]},"sensitive_values":{"cors_rule":[],"grant":[],"lifecycle_rule":[],"logging":[{}],"object_lock_configuration":[],"replication_configuration":[],"server_side_encryption_configuration":[],"tags_all":{},"versioning":[{}],"website":[]}},{"address":"module.storage.aws_s3_bucket.versioning","mode":"managed","type":"aws_s3_bucket","name":"versioning","provider_name":"registry.terraform.io/hashicorp/aws","schema_version":0,"values":{"acl":"private","bucket":"examplebuckettftest","bucket_prefix":null,"cors_rule":[],"force_destroy":false,"grant":[],"lifecycle_rule":[],"logging":[],"policy":null,"replication_configuration":[],"server_side_encryption_configuration":[],"tags":null,"versioning":[{"enabled":false,"mfa_delete":false}],"website":[]},"sensitive_values":{"cors_rule":[],"grant":[],"lifecycle_rule":[],"logging":[],"object_lock_configuration":[],"replication_configuration":[],"server_side_encryption_configuration":[],"tags_all":{},"versioning":[{}],"website":[]}}],"address":"module.storage"}]}},"resource_changes":[{"address":"module.compute.aws_instance.ebs_optimized","module_address":"module.compute","mode":"managed","type":"aws_instance","name":"ebs_optimized","provider_name":"registry.terraform.io/hashicorp/aws","change":{"actions":["create"],"before":null,"after":{"ami":"ami-830c94e3","credit_specification":[],"ebs_optimized":false,"get_password_data":false,"hibernation":null,"iam_instance_profile":null,"instance_type":"t2.micro","launch_template":[],"source_dest_check":true,"tags":{"Name":"ExampleAppServerInstance"},"tags_all":{"Name":"ExampleAppServerInstance"},"timeouts":null,"volume_tags":null},"after_unknown":{"arn":true,"associate_public_ip_address":true,"availability_zone":true,"capacity_reservation_specification":true,"cpu_core_count":true,"cpu_threads_per_core":true,"credit_specification":[],"disable_api_termination":true,"ebs_block_device":true,"enclave_options":true,"ephemeral_block_device":true,"host_id":true,"id":true,"instance_initiated_shutdown_behavior":true,"instance_state":true,"ipv6_address_count":true,"ipv6_addresses":true,"key_name":true,"launch_template":[],"metadata_options":true,"monitoring":true,"network_interface":true,"outpost_arn":true,"password_data":true,"placement_group":true,"placement_partition_number":true,"primary_network_interface_id":true,"private_dns":true,"private_ip":true,"public_dns":true,"public_ip":true,"root_block_device":true,"secondary_private_ips":true,"security_groups":true,"subnet_id":true,"tags":{},"tags_all":{},"tenancy":true,"user_data":true,"user_data_base64":true,"vpc_security_group_ids":true},"before_sensitive":false,"after_sensitive":{"capacity_reservation_specification":[],"credit_specification":[],"ebs_block_device":[],"enclave_options":[],"ephemeral_block_device":[],"ipv6_addresses":[],"launch_template":[],"metadata_options":[],"network_interface":[],"root_block_device":[],"secondary_private_ips":[],"security_groups":[],"tags":{},"tags_all":{},"vpc_security_group_ids":[]}}},{"address":"module.compute.aws_instance.monitoring","module_address":"module.compute","mode":"managed","type":"aws_instance","name":"monitoring","provider_name":"registry.terraform.io/hashicorp/aws","change":{"actions":["create"],"before":null,"after":{"ami":"app-123","credit_specification":[],"get_password_data":false,"hibernation":null,"iam_instance_profile":null,"instance_type":"t2.micro","launch_template":[],"monitoring":false,"source_dest_check":true,"tags":{"Name":"ExampleAppServerInstance"},"tags_all":{"Name":"ExampleAppServerInstance"},"timeouts":null,"volume_tags":null},"after_unknown":{"arn":true,"associate_public_ip_address":true,"availability_zone":true,"capacity_reservation_specification":true,"cpu_core_count":true,"cpu_threads_per_core":true,"credit_specification":[],"disable_api_termination":true,"ebs_block_device":true,"ebs_optimized":true,"enclave_options":true,"ephemeral_block_device":true,"host_id":true,"id":true,"instance_initiated_shutdown_behavior":true,"instance_state":true,"ipv6_address_count":true,"ipv6_addresses":true,"key_name":true,"launch_template":[],"metadata_options":true,"network_interface":true,"outpost_arn":true,"password_data":true,"placement_group":true,"placement_partition_number":true,"primary_network_interface_id":true,"private_dns":true,"private_ip":true,"public_dns":true,"public_ip":true,"root_block_device":true,"secondary_private_ips":true,"security_groups":true,"subnet_id":true,"tags":{},"tags_all":{},"tenancy":true,"user_data":true,"user_data_base64":true,"vpc_security_group_ids":true},"before_sensitive":false,"after_sensitive":{"capacity_reservation_specification":[],"credit_specification":[],"ebs_block_device":[],"enclave_options":[],"ephemeral_block_device":[],"ipv6_addresses":[],"launch_template":[],"metadata_options":[],"network_interface":[],"root_block_device":[],"secondary_private_ips":[],"security_groups":[],"tags":{},"tags_all":{},"vpc_security_group_ids":[]}}},{"address":"module.network.aws_security_group.sg","module_address":"module.network","mode":"managed","type":"aws_security_group","name":"sg","provider_name":"registry.terraform.io/hashicorp/aws","change":{"actions":["create"],"before":null,"after":{"description":"Managed by Terraform","ingress":[{"cidr_blocks":["0.0.0.0/0"],"description":"CIFS","from_port":3020,"ipv6_cidr_blocks":[],"prefix_list_ids":[],"protocol":"tcp","security_groups":[],"self":false,"to_port":3020},{"cidr_blocks":["0.0.0.0/0"],"description":"Cassandra","from_port":7001,"ipv6_cidr_blocks":[],"prefix_list_ids":[],"protocol":"tcp","security_groups":[],"self":false,"to_port":7001},{"cidr_blocks":["0.0.0.0/0"],"description":"ES","from_port":9200,"ipv6_cidr_blocks":[],"prefix_list_ids":[],"protocol":"tcp","security_groups":[],"self":false,"to_port":9200},{"cidr_blocks":["0.0.0.0/0"],"description":"ES9300","from_port":9300,"ipv6_cidr_blocks":[],"prefix_list_ids":[],"protocol":"tcp","security_groups":[],"self":false,"to_port":9300},{"cidr_blocks":["0.0.0.0/0"],"description":"Hadoop","from_port":9000,"ipv6_cidr_blocks":[],"prefix_list_ids":[],"protocol":"tcp","security_groups":[],"self":false,"to_port":9000},{"cidr_blocks":["0.0.0.0/0"],"description":"LDAP","from_port":636,"ipv6_cidr_blocks":[],"prefix_list_ids":[],"protocol":"tcp","security_groups":[],"self":false,"to_port":636},{"cidr_blocks":["0.0.0.0/0"],"description":"MSSQLadmin","from_port":1433,"ipv6_cidr_blocks":[],"prefix_list_ids":[],"protocol":"tcp","security_groups":[],"self":false,"to_port":1433},{"cidr_blocks":["0.0.0.0/0"],"description":"MSSQLadmin","from_port":1434,"ipv6_cidr_blocks":[],"prefix_list_ids":[],"protocol":"tcp","security_groups":[],"self":false,"to_port":1434},{"cidr_blocks":["0.0.0.0/0"],"description":"MSSQLbrowser","from_port":1434,"ipv6_cidr_blocks":[],"prefix_list_ids":[],"protocol":"udp","security_groups":[],"self":false,"to_port":1434},{"cidr_blocks":["0.0.0.0/0"],"description":"Mongo","from_port":27017,"ipv6_cidr_blocks":[],"prefix_list_ids":[],"protocol":"tcp","security_groups":[],"self":false,"to_port":27017},{"cidr_blocks":["0.0.0.0/0"],"description":"MySQL","from_port":3306,"ipv6_cidr_blocks":[],"prefix_list_ids":[],"protocol":"tcp","security_groups":[],"self":false,"to_port":3306},{"cidr_blocks":["0.0.0.0/0"],"description":"Oracle","from_port":1521,"ipv6_cidr_blocks":[],"prefix_list_ids":[],"protocol":"tcp","security_groups":[],"self":false,"to_port":1521},{"cidr_blocks":["0.0.0.0/0"],"description":"Postgress","from_port":5432,"ipv6_cidr_blocks":[],"prefix_list_ids":[],"protocol":"tcp","security_groups":[],"self":false,"to_port":5432},{"cidr_blocks":["0.0.0.0/0"],"description":"Public","from_port":0,"ipv6_cidr_blocks":[],"prefix_list_ids":[],"protocol":"tcp","security_groups":[],"self":false,"to_port":65535},{"cidr_blocks":["0.0.0.0/0"],"description":"RDP","from_port":3389,"ipv6_cidr_blocks":[],"prefix_list_ids":[],"protocol":"rdp","security_groups":[],"self":false,"to_port":3389},{"cidr_blocks":["0.0.0.0/0"],"description":"SMTP","from_port":25,"ipv6_cidr_blocks":[],"prefix_list_ids":[],"protocol":"tcp","security_groups":[],"self":false,"to_port":25},{"cidr_blocks":["0.0.0.0/0"],"description":"SSM","from_port":4505,"ipv6_cidr_blocks":[],"prefix_list_ids":[],"protocol":"tcp","security_groups":[],"self":false,"to_port":4505},{"cidr_blocks":["0.0.0.0/0"],"description":"cassandraops","from_port":61621,"ipv6_cidr_blocks":[],"prefix_list_ids":[],"protocol":"tcp","security_groups":[],"self":false,"to_port":61621},{"cidr_blocks":["0.0.0.0/0"],"description":"http","from_port":80,"ipv6_cidr_blocks":[],"prefix_list_ids":[],"protocol":"tcp","security_groups":[],"self":false,"to_port":80},{"cidr_blocks":["0.0.0.0/0"],"description":"https","from_port":443,"ipv6_cidr_blocks":[],"prefix_list_ids":[],"protocol":"tcp","security_groups":[],"self":false,"to_port":443},{"cidr_blocks":["0.0.0.0/0"],"description":"ssh","from_port":22,"ipv6_cidr_blocks":[],"prefix_list_ids":[],"protocol":"tcp","security_groups":[],"self":false,"to_port":22},{"cidr_blocks":["0.0.0.0/0"],"description":"telnet","from_port":23,"ipv6_cidr_blocks":[],"prefix_list_ids":[],"protocol":"tcp","security_groups":[],"self":false,"to_port":23}],"revoke_rules_on_delete":false,"tags":null,"timeouts":null},"after_unknown":{"arn":true,"egress":true,"id":true,"ingress":[{"cidr_blocks":[false],"ipv6_cidr_blocks":[],"prefix_list_ids":[],"security_groups":[]},{"cidr_blocks":[false],"ipv6_cidr_blocks":[],"prefix_list_ids":[],"security_groups":[]},{"cidr_blocks":[false],"ipv6_cidr_blocks":[],"prefix_list_ids":[],"security_groups":[]},{"cidr_blocks":[false],"ipv6_cidr_blocks":[],"prefix_list_ids":[],"security_groups":[]},{"cidr_blocks":[false],"ipv6_cidr_blocks":[],"prefix_list_ids":[],"security_groups":[]},{"cidr_blocks":[false],"ipv6_cidr_blocks":[],"prefix_list_ids":[],"security_groups":[]},{"cidr_blocks":[false],"ipv6_cidr_blocks":[],"prefix_list_ids":[],"security_groups":[]},{"cidr_blocks":[false],"ipv6_cidr_blocks":[],"prefix_list_ids":[],"security_groups":[]},{"cidr_blocks":[false],"ipv6_cidr_blocks":[],"prefix_list_ids":[],"security_groups":[]},{"cidr_blocks":[false],"ipv6_cidr_blocks":[],"prefix_list_ids":[],"security_groups":[]},{"cidr_blocks":[false],"ipv6_cidr_blocks":[],"prefix_list_ids":[],"security_groups":[]},{"cidr_blocks":[false],"ipv6_cidr_blocks":[],"prefix_list_ids":[],"security_groups":[]},{"cidr_blocks":[false],"ipv6_cidr_blocks":[],"prefix_list_ids":[],"security_groups":[]},{"cidr_blocks":[false],"ipv6_cidr_blocks":[],"prefix_list_ids":[],"security_groups":[]},{"cidr_blocks":[false],"ipv6_cidr_blocks":[],"prefix_list_ids":[],"security_groups":[]},{"cidr_blocks":[false],"ipv6_cidr_blocks":[],"prefix_list_ids":[],"security_groups":[]},{"cidr_blocks":[false],"ipv6_cidr_blocks":[],"prefix_list_ids":[],"security_groups":[]},{"cidr_blocks":[false],"ipv6_cidr_blocks":[],"prefix_list_ids":[],"security_groups":[]},{"cidr_blocks":[false],"ipv6_cidr_blocks":[],"prefix_list_ids":[],"security_groups":[]},{"cidr_blocks":[false],"ipv6_cidr_blocks":[],"prefix_list_ids":[],"security_groups":[]},{"cidr_blocks":[false],"ipv6_cidr_blocks":[],"prefix_list_ids":[],"security_groups":[]},{"cidr_blocks":[false],"ipv6_cidr_blocks":[],"prefix_list_ids":[],"security_groups":[]}],"name":true,"name_prefix":true,"owner_id":true,"tags_all":true,"vpc_id":true},"before_sensitive":false,"after_sensitive":{"egress":[],"ingress":[{"cidr_blocks":[false],"ipv6_cidr_blocks":[],"prefix_list_ids":[],"security_groups":[]},{"cidr_blocks":[false],"ipv6_cidr_blocks":[],"prefix_list_ids":[],"security_groups":[]},{"cidr_blocks":[false],"ipv6_cidr_blocks":[],"prefix_list_ids":[],"security_groups":[]},{"cidr_blocks":[false],"ipv6_cidr_blocks":[],"prefix_list_ids":[],"security_groups":[]},{"cidr_blocks":[false],"ipv6_cidr_blocks":[],"prefix_list_ids":[],"security_groups":[]},{"cidr_blocks":[false],"ipv6_cidr_blocks":[],"prefix_list_ids":[],"security_groups":[]},{"cidr_blocks":[false],"ipv6_cidr_blocks":[],"prefix_list_ids":[],"security_groups":[]},{"cidr_blocks":[false],"ipv6_cidr_blocks":[],"prefix_list_ids":[],"security_groups":[]},{"cidr_blocks":[false],"ipv6_cidr_blocks":[],"prefix_list_ids":[],"security_groups":[]},{"cidr_blocks":[false],"ipv6_cidr_blocks":[],"prefix_list_ids":[],"security_groups":[]},{"cidr_blocks":[false],"ipv6_cidr_blocks":[],"prefix_list_ids":[],"security_groups":[]},{"cidr_blocks":[false],"ipv6_cidr_blocks":[],"prefix_list_ids":[],"security_groups":[]},{"cidr_blocks":[false],"ipv6_cidr_blocks":[],"prefix_list_ids":[],"security_groups":[]},{"cidr_blocks":[false],"ipv6_cidr_blocks":[],"prefix_list_ids":[],"security_groups":[]},{"cidr_blocks":[false],"ipv6_cidr_blocks":[],"prefix_list_ids":[],"security_groups":[]},{"cidr_blocks":[false],"ipv6_cidr_blocks":[],"prefix_list_ids":[],"security_groups":[]},{"cidr_blocks":[false],"ipv6_cidr_blocks":[],"prefix_list_ids":[],"security_groups":[]},{"cidr_blocks":[false],"ipv6_cidr_blocks":[],"prefix_list_ids":[],"security_groups":[]},{"cidr_blocks":[false],"ipv6_cidr_blocks":[],"prefix_list_ids":[],"security_groups":[]},{"cidr_blocks":[false],"ipv6_cidr_blocks":[],"prefix_list_ids":[],"security_groups":[]},{"cidr_blocks":[false],"ipv6_cidr_blocks":[],"prefix_list_ids":[],"security_groups":[]},{"cidr_blocks":[false],"ipv6_cidr_blocks":[],"prefix_list_ids":[],"security_groups":[]}],"tags_all":{}}}},{"address":"module.storage.aws_db_instance.education","module_address":"module.storage","mode":"managed","type":"aws_db_instance","name":"education","provider_name":"registry.terraform.io/hashicorp/aws","change":{"actions":["create"],"before":null,"after":{"allocated_storage":10,"allow_major_version_upgrade":null,"auto_minor_version_upgrade":true,"backup_retention_period":-1,"copy_tags_to_snapshot":false,"customer_owned_ip_enabled":null,"delete_automated_backups":true,"deletion_protection":null,"domain":null,"domain_iam_role_name":null,"enabled_cloudwatch_logs_exports":null,"final_snapshot_identifier":null,"iam_database_authentication_enabled":null,"instance_class":"db.t3.micro","iops":null,"max_allocated_storage":null,"monitoring_interval":0,"name":"edu","password":null,"performance_insights_enabled":false,"publicly_accessible":false,"replica_mode":null,"replicate_source_db":null,"restore_to_point_in_time":[],"s3_import":[],"security_group_names":null,"skip_final_snapshot":false,"storage_encrypted":false,"tags":null,"timeouts":null},"after_unknown":{"address":true,"apply_immediately":true,"arn":true,"availability_zone":true,"backup_window":true,"ca_cert_identifier":true,"character_set_name":true,"db_subnet_group_name":true,"endpoint":true,"engine":true,"engine_version":true,"engine_version_actual":true,"hosted_zone_id":true,"id":true,"identifier":true,"identifier_prefix":true,"kms_key_id":true,"latest_restorable_time":true,"license_model":true,"maintenance_window":true,"monitoring_role_arn":true,"multi_az":true,"nchar_character_set_name":true,"option_group_name":true,"parameter_group_name":true,"performance_insights_kms_key_id":true,"performance_insights_retention_period":true,"port":true,"replicas":true,"resource_id":true,"restore_to_point_in_time":[],"s3_import":[],"snapshot_identifier":true,"status":true,"storage_type":true,"tags_all":true,"timezone":true,"username":true,"vpc_security_group_ids":true},"before_sensitive":false,"after_sensitive":{"password":true,"replicas":[],"restore_to_point_in_time":[],"s3_import":[],"tags_all":{},"vpc_security_group_ids":[]}}},{"address":"module.storage.aws_ebs_volume.example","module_address":"module.storage","mode":"managed","type":"aws_ebs_volume","name":"example","provider_name":"registry.terraform.io/hashicorp/aws","change":{"actions":["create"],"before":null,"after":{"availability_zone":"us-west-2a","encrypted":false,"multi_attach_enabled":null,"outpost_arn":null,"size":40,"tags":{"Name":"HelloWorld"},"tags_all":{"Name":"HelloWorld"}},"after_unknown":{"arn":true,"id":true,"iops":true,"kms_key_id":true,"snapshot_id":true,"tags":{},"tags_all":{},"throughput":true,"type":true},"before_sensitive":false,"after_sensitive":{"tags":{},"tags_all":{}}}},{"address":"module.storage.aws_s3_bucket.log_bucket","module_address":"module.storage","mode":"managed","type":"aws_s3_bucket","name":"log_bucket","provider_name":"registry.terraform.io/hashicorp/aws","change":{"actions":["create"],"before":null,"after":{"acl":"private","bucket":"examplebuckettftest","bucket_prefix":null,"cors_rule":[],"force_destroy":false,"grant":[],"lifecycle_rule":[],"logging":[],"policy":null,"replication_configuration":[],"server_side_encryption_configuration":[],"tags":null,"website":[]},"after_unknown":{"acceleration_status":true,"arn":true,"bucket_domain_name":true,"bucket_regional_domain_name":true,"cors_rule":[],"grant":[],"hosted_zone_id":true,"id":true,"lifecycle_rule":[],"logging":[],"object_lock_configuration":true,"object_lock_enabled":true,"region":true,"replication_configuration":[],"request_payer":true,"server_side_encryption_configuration":[],"tags_all":true,"versioning":true,"website":[],"website_domain":true,"website_endpoint":true},"before_sensitive":false,"after_sensitive":{"cors_rule":[],"grant":[],"lifecycle_rule":[],"logging":[],"object_lock_configuration":[],"replication_configuration":[],"server_side_encryption_configuration":[],"tags_all":{},"versioning":[],"website":[]}}},{"address":"module.storage.aws_s3_bucket.logging","module_address":"module.storage","mode":"managed","type":"aws_s3_bucket","name":"logging","provider_name":"registry.terraform.io/hashicorp/aws","change":{"actions":["create"],"before":null,"after":{"acl":"private","bucket":"examplebuckettftest","bucket_prefix":null,"cors_rule":[],"force_destroy":false,"grant":[],"lifecycle_rule":[],"logging":[],"policy":null,"replication_configuration":[],"server_side_encryption_configuration":[],"tags":null,"website":[]},"after_unknown":{"acceleration_status":true,"arn":true,"bucket_domain_name":true,"bucket_regional_domain_name":true,"cors_rule":[],"grant":[],"hosted_zone_id":true,"id":true,"lifecycle_rule":[],"logging":[],"object_lock_configuration":true,"object_lock_enabled":true,"region":true,"replication_configuration":[],"request_payer":true,"server_side_encryption_configuration":[],"tags_all":true,"versioning":true,"website":[],"website_domain":true,"website_endpoint":true},"before_sensitive":false,"after_sensitive":{"cors_rule":[],"grant":[],"lifecycle_rule":[],"logging":[],"object_lock_configuration":[],"replication_configuration":[],"server_side_encryption_configuration":[],"tags_all":{},"versioning":[],"website":[]}}},{"address":"module.storage.aws_s3_bucket.mfadelete","module_address":"module.storage","mode":"managed","type":"aws_s3_bucket","name":"mfadelete","provider_name":"registry.terraform.io/hashicorp/aws","change":{"actions":["create"],"before":null,"after":{"acl":"private","bucket":"examplebuckettftest","bucket_prefix":null,"cors_rule":[],"force_destroy":false,"grant":[],"lifecycle_rule":[],"logging":[{"target_prefix":"log/"}],"policy":null,"replication_configuration":[],"server_side_encryption_configuration":[],"tags":null,"versioning":[{"enabled":false,"mfa_delete":false}],"website":[]},"after_unknown":{"acceleration_status":true,"arn":true,"bucket_domain_name":true,"bucket_regional_domain_name":true,"cors_rule":[],"grant":[],"hosted_zone_id":true,"id":true,"lifecycle_rule":[],"logging":[{"target_bucket":true}],"object_lock_configuration":true,"object_lock_enabled":true,"region":true,"replication_configuration":[],"request_payer":true,"server_side_encryption_configuration":[],"tags_all":true,"versioning":[{}],"website":[],"website_domain":true,"website_endpoint":true},"before_sensitive":false,"after_sensitive":{"cors_rule":[],"grant":[],"lifecycle_rule":[],"logging":[{}],"object_lock_configuration":[],"replication_configuration":[],"server_side_encryption_configuration":[],"tags_all":{},"versioning":[{}],"website":[]}}},{"address":"module.storage.aws_s3_bucket.publicread","module_address":"module.storage","mode":"managed","type":"aws_s3_bucket","name":"publicread","provider_name":"registry.terraform.io/hashicorp/aws","change":{"actions":["create"],"before":null,"after":{"acl":"public-read","bucket":"examplebuckettftest","bucket_prefix":null,"cors_rule":[],"force_destroy":false,"grant":[],"lifecycle_rule":[],"logging":[{"target_prefix":"log/"}],"policy":null,"replication_configuration":[],"server_side_encryption_configuration":[],"tags":null,"versioning":[{"enabled":true,"mfa_delete":false}],"website":[]},"after_unknown":{"acceleration_status":true,"arn":true,"bucket_domain_name":true,"bucket_regional_domain_name":true,"cors_rule":[],"grant":[],"hosted_zone_id":true,"id":true,"lifecycle_rule":[],"logging":[{"target_bucket":true}],"object_lock_configuration":true,"object_lock_enabled":true,"region":true,"replication_configuration":[],"request_payer":true,"server_side_encryption_configuration":[],"tags_all":true,"versioning":[{}],"website":[],"website_domain":true,"website_endpoint":true},"before_sensitive":false,"after_sensitive":{"cors_rule":[],"grant":[],"lifecycle_rule":[],"logging":[{}],"object_lock_configuration":[],"replication_configuration":[],"server_side_encryption_configuration":[],"tags_all":{},"versioning":[{}],"website":[]}}},{"address":"module.storage.aws_s3_bucket.statictwebhosting","module_address":"module.storage","mode":"managed","type":"aws_s3_bucket","name":"statictwebhosting","provider_name":"registry.terraform.io/hashicorp/aws","change":{"actions":["create"],"before":null,"after":{"acl":"private","bucket":"examplebuckettftest","bucket_prefix":null,"cors_rule":[],"force_destroy":false,"grant":[],"lifecycle_rule":[],"logging":[],"policy":null,"replication_configuration":[],"server_side_encryption_configuration":[],"tags":null,"website":[{"error_document":"error.html","index_document":"index.html","redirect_all_requests_to":null,"routing_rules":"[{\"Condition\":{\"KeyPrefixEquals\":\"docs/\"},\"Redirect\":{\"ReplaceKeyPrefixWith\":\"documents/\"}}]"}]},"after_unknown":{"acceleration_status":true,"arn":true,"bucket_domain_name":true,"bucket_regional_domain_name":true,"cors_rule":[],"grant":[],"hosted_zone_id":true,"id":true,"lifecycle_rule":[],"logging":[],"object_lock_configuration":true,"object_lock_enabled":true,"region":true,"replication_configuration":[],"request_payer":true,"server_side_encryption_configuration":[],"tags_all":true,"versioning":true,"website":[{}],"website_domain":true,"website_endpoint":true},"before_sensitive":false,"after_sensitive":{"cors_rule":[],"grant":[],"lifecycle_rule":[],"logging":[],"object_lock_configuration":[],"replication_configuration":[],"server_side_encryption_configuration":[],"tags_all":{},"versioning":[],"website":[{}]}}},{"address":"module.storage.aws_s3_bucket.unestrictedaccess","module_address":"module.storage","mode":"managed","type":"aws_s3_bucket","name":"unestrictedaccess","provider_name":"registry.terraform.io/hashicorp/aws","change":{"actions":["create"],"before":null,"after":{"acl":"public-read-write","bucket":"examplebuckettftest","bucket_prefix":null,"cors_rule":[],"force_destroy":false,"grant":[],"lifecycle_rule":[],"logging":[{"target_prefix":"log/"}],"policy":null,"replication_configuration":[],"server_side_encryption_configuration":[],"tags":null,"versioning":[{"enabled":true,"mfa_delete":false}],"website":[]},"after_unknown":{"acceleration_status":true,"arn":true,"bucket_domain_name":true,"bucket_regional_domain_name":true,"cors_rule":[],"grant":[],"hosted_zone_id":true,"id":true,"lifecycle_rule":[],"logging":[{"target_bucket":true}],"object_lock_configuration":true,"object_lock_enabled":true,"region":true,"replication_configuration":[],"request_payer":true,"server_side_encryption_configuration":[],"tags_all":true,"versioning":[{}],"website":[],"website_domain":true,"website_endpoint":true},"before_sensitive":false,"after_sensitive":{"cors_rule":[],"grant":[],"lifecycle_rule":[],"logging":[{}],"object_lock_configuration":[],"replication_configuration":[],"server_side_encryption_configuration":[],"tags_all":{},"versioning":[{}],"website":[]}}},{"address":"module.storage.aws_s3_bucket.versioning","module_address":"module.storage","mode":"managed","type":"aws_s3_bucket","name":"versioning","provider_name":"registry.terraform.io/hashicorp/aws","change":{"actions":["create"],"before":null,"after":{"acl":"private","bucket":"examplebuckettftest","bucket_prefix":null,"cors_rule":[],"force_destroy":false,"grant":[],"lifecycle_rule":[],"logging":[],"policy":null,"replication_configuration":[],"server_side_encryption_configuration":[],"tags":null,"versioning":[{"enabled":false,"mfa_delete":false}],"website":[]},"after_unknown":{"acceleration_status":true,"arn":true,"bucket_domain_name":true,"bucket_regional_domain_name":true,"cors_rule":[],"grant":[],"hosted_zone_id":true,"id":true,"lifecycle_rule":[],"logging":[],"object_lock_configuration":true,"object_lock_enabled":true,"region":true,"replication_configuration":[],"request_payer":true,"server_side_encryption_configuration":[],"tags_all":true,"versioning":[{}],"website":[],"website_domain":true,"website_endpoint":true},"before_sensitive":false,"after_sensitive":{"cors_rule":[],"grant":[],"lifecycle_rule":[],"logging":[],"object_lock_configuration":[],"replication_configuration":[],"server_side_encryption_configuration":[],"tags_all":{},"versioning":[{}],"website":[]}}}],"configuration":{"provider_config":{"aws":{"name":"aws","version_constraint":"~\u003e 3.27","expressions":{"access_key":{"references":["var.aws_access_key"]},"region":{"constant_value":"us-east-2"},"secret_key":{"references":["var.aws_secret_key"]}}},"module.compute:aws":{"name":"aws","version_constraint":"~\u003e 3.27","module_address":"module.compute","expressions":{"profile":{"constant_value":"rk"},"region":{"constant_value":"us-west-2"}}},"module.storage:aws":{"name":"aws","version_constraint":"~\u003e 3.0","module_address":"module.storage"}},"root_module":{"module_calls":{"compute":{"source":"./modules/compute","module":{"resources":[{"address":"aws_instance.ebs_optimized","mode":"managed","type":"aws_instance","name":"ebs_optimized","provider_config_key":"compute:aws","expressions":{"ami":{"references":["var.ami_id"]},"ebs_optimized":{"constant_value":"false"},"instance_type":{"references":["var.type"]},"tags":{"constant_value":{"Name":"ExampleAppServerInstance"}}},"schema_version":1},{"address":"aws_instance.monitoring","mode":"managed","type":"aws_instance","name":"monitoring","provider_config_key":"compute:aws","expressions":{"ami":{"constant_value":"app-123"},"instance_type":{"references":["var.type"]},"monitoring":{"constant_value":false},"tags":{"constant_value":{"Name":"ExampleAppServerInstance"}}},"schema_version":1}],"variables":{"ami_id":{"default":"ami-830c94e3"},"cidr_blocks":{"default":["0.0.0.0/16"]},"type":{"default":"t2.micro"}}}},"network":{"source":"./modules/network","module":{"resources":[{"address":"aws_security_group.sg","mode":"managed","type":"aws_security_group","name":"sg","provider_config_key":"network:aws","expressions":{"ingress":{"constant_value":[{"cidr_blocks":["0.0.0.0/0"],"description":"http","from_port":80,"ipv6_cidr_blocks":null,"prefix_list_ids":null,"protocol":"tcp","security_groups":null,"self":null,"to_port":80},{"cidr_blocks":["0.0.0.0/0"],"description":"https","from_port":443,"ipv6_cidr_blocks":null,"prefix_list_ids":null,"protocol":"tcp","security_groups":null,"self":null,"to_port":443},{"cidr_blocks":["0.0.0.0/0"],"description":"ssh","from_port":22,"ipv6_cidr_blocks":null,"prefix_list_ids":null,"protocol":"tcp","security_groups":null,"self":null,"to_port":22},{"cidr_blocks":["0.0.0.0/0"],"description":"telnet","from_port":23,"ipv6_cidr_blocks":null,"prefix_list_ids":null,"protocol":"tcp","security_groups":null,"self":null,"to_port":23},{"cidr_blocks":["0.0.0.0/0"],"description":"SMTP","from_port":25,"ipv6_cidr_blocks":null,"prefix_list_ids":null,"protocol":"tcp","security_groups":null,"self":null,"to_port":25},{"cidr_blocks":["0.0.0.0/0"],"description":"LDAP","from_port":636,"ipv6_cidr_blocks":null,"prefix_list_ids":null,"protocol":"tcp","security_groups":null,"self":null,"to_port":636},{"cidr_blocks":["0.0.0.0/0"],"description":"Hadoop","from_port":9000,"ipv6_cidr_blocks":null,"prefix_list_ids":null,"protocol":"tcp","security_groups":null,"self":null,"to_port":9000},{"cidr_blocks":["0.0.0.0/0"],"description":"Public","from_port":0,"ipv6_cidr_blocks":null,"prefix_list_ids":null,"protocol":"tcp","security_groups":null,"self":null,"to_port":65535},{"cidr_blocks":["0.0.0.0/0"],"description":"RDP","from_port":3389,"ipv6_cidr_blocks":null,"prefix_list_ids":null,"protocol":"rdp","security_groups":null,"self":null,"to_port":3389},{"cidr_blocks":["0.0.0.0/0"],"description":"Mongo","from_port":27017,"ipv6_cidr_blocks":null,"prefix_list_ids":null,"protocol":"tcp","security_groups":null,"self":null,"to_port":27017},{"cidr_blocks":["0.0.0.0/0"],"description":"ES","from_port":9200,"ipv6_cidr_blocks":null,"prefix_list_ids":null,"protocol":"tcp","security_groups":null,"self":null,"to_port":9200},{"cidr_blocks":["0.0.0.0/0"],"description":"ES9300","from_port":9300,"ipv6_cidr_blocks":null,"prefix_list_ids":null,"protocol":"tcp","security_groups":null,"self":null,"to_port":9300},{"cidr_blocks":["0.0.0.0/0"],"description":"Postgress","from_port":5432,"ipv6_cidr_blocks":null,"prefix_list_ids":null,"protocol":"tcp","security_groups":null,"self":null,"to_port":5432},{"cidr_blocks":["0.0.0.0/0"],"description":"Oracle","from_port":1521,"ipv6_cidr_blocks":null,"prefix_list_ids":null,"protocol":"tcp","security_groups":null,"self":null,"to_port":1521},{"cidr_blocks":["0.0.0.0/0"],"description":"MySQL","from_port":3306,"ipv6_cidr_blocks":null,"prefix_list_ids":null,"protocol":"tcp","security_groups":null,"self":null,"to_port":3306},{"cidr_blocks":["0.0.0.0/0"],"description":"MSSQLadmin","from_port":1434,"ipv6_cidr_blocks":null,"prefix_list_ids":null,"protocol":"tcp","security_groups":null,"self":null,"to_port":1434},{"cidr_blocks":["0.0.0.0/0"],"description":"MSSQLadmin","from_port":1433,"ipv6_cidr_blocks":null,"prefix_list_ids":null,"protocol":"tcp","security_groups":null,"self":null,"to_port":1433},{"cidr_blocks":["0.0.0.0/0"],"description":"MSSQLbrowser","from_port":1434,"ipv6_cidr_blocks":null,"prefix_list_ids":null,"protocol":"udp","security_groups":null,"self":null,"to_port":1434},{"cidr_blocks":["0.0.0.0/0"],"description":"Cassandra","from_port":7001,"ipv6_cidr_blocks":null,"prefix_list_ids":null,"protocol":"tcp","security_groups":null,"self":null,"to_port":7001},{"cidr_blocks":["0.0.0.0/0"],"description":"cassandraops","from_port":61621,"ipv6_cidr_blocks":null,"prefix_list_ids":null,"protocol":"tcp","security_groups":null,"self":null,"to_port":61621},{"cidr_blocks":["0.0.0.0/0"],"description":"CIFS","from_port":3020,"ipv6_cidr_blocks":null,"prefix_list_ids":null,"protocol":"tcp","security_groups":null,"self":null,"to_port":3020},{"cidr_blocks":["0.0.0.0/0"],"description":"SSM","from_port":4505,"ipv6_cidr_blocks":null,"prefix_list_ids":null,"protocol":"tcp","security_groups":null,"self":null,"to_port":4505}]}},"schema_version":1}]}},"storage":{"source":"./modules/storage","module":{"resources":[{"address":"aws_db_instance.education","mode":"managed","type":"aws_db_instance","name":"education","provider_config_key":"storage:aws","expressions":{"allocated_storage":{"references":["var.storage"]},"backup_retention_period":{"constant_value":-1},"instance_class":{"references":["var.class"]},"name":{"references":["var.name"]},"storage_encrypted":{"constant_value":false}},"schema_version":1},{"address":"aws_ebs_volume.example","mode":"managed","type":"aws_ebs_volume","name":"example","provider_config_key":"storage:aws","expressions":{"availability_zone":{"references":["var.az"]},"encrypted":{"constant_value":false},"size":{"references":["var.size"]},"tags":{"constant_value":{"Name":"HelloWorld"}}},"schema_version":0},{"address":"aws_s3_bucket.log_bucket","mode":"managed","type":"aws_s3_bucket","name":"log_bucket","provider_config_key":"storage:aws","expressions":{"bucket":{"constant_value":"examplebuckettftest"}},"schema_version":0},{"address":"aws_s3_bucket.logging","mode":"managed","type":"aws_s3_bucket","name":"logging","provider_config_key":"storage:aws","expressions":{"bucket":{"constant_value":"examplebuckettftest"}},"schema_version":0},{"address":"aws_s3_bucket.mfadelete","mode":"managed","type":"aws_s3_bucket","name":"mfadelete","provider_config_key":"storage:aws","expressions":{"acl":{"references":["var.private"]},"bucket":{"constant_value":"examplebuckettftest"},"logging":[{"target_bucket":{"references":["aws_s3_bucket.log_bucket.id","aws_s3_bucket.log_bucket"]},"target_prefix":{"constant_value":"log/"}}],"versioning":[{"mfa_delete":{"constant_value":false}}]},"schema_version":0},{"address":"aws_s3_bucket.publicread","mode":"managed","type":"aws_s3_bucket","name":"publicread","provider_config_key":"storage:aws","expressions":{"acl":{"references":["var.public"]},"bucket":{"constant_value":"examplebuckettftest"},"logging":[{"target_bucket":{"references":["aws_s3_bucket.log_bucket.id","aws_s3_bucket.log_bucket"]},"target_prefix":{"constant_value":"log/"}}],"versioning":[{"enabled":{"constant_value":true}}]},"schema_version":0},{"address":"aws_s3_bucket.statictwebhosting","mode":"managed","type":"aws_s3_bucket","name":"statictwebhosting","provider_config_key":"storage:aws","expressions":{"acl":{"references":["var.private"]},"bucket":{"constant_value":"examplebuckettftest"},"website":[{"error_document":{"constant_value":"error.html"},"index_document":{"constant_value":"index.html"},"routing_rules":{"constant_value":"[{\n    \"Condition\": {\n        \"KeyPrefixEquals\": \"docs/\"\n    },\n    \"Redirect\": {\n        \"ReplaceKeyPrefixWith\": \"documents/\"\n    }\n}]\n"}}]},"schema_version":0},{"address":"aws_s3_bucket.unestrictedaccess","mode":"managed","type":"aws_s3_bucket","name":"unestrictedaccess","provider_config_key":"storage:aws","expressions":{"acl":{"references":["var.unrestricted"]},"bucket":{"constant_value":"examplebuckettftest"},"logging":[{"target_bucket":{"references":["aws_s3_bucket.log_bucket.id","aws_s3_bucket.log_bucket"]},"target_prefix":{"constant_value":"log/"}}],"versioning":[{"enabled":{"constant_value":true}}]},"schema_version":0},{"address":"aws_s3_bucket.versioning","mode":"managed","type":"aws_s3_bucket","name":"versioning","provider_config_key":"storage:aws","expressions":{"acl":{"references":["var.private"]},"bucket":{"constant_value":"examplebuckettftest"},"versioning":[{"enabled":{"constant_value":false}}]},"schema_version":0}],"variables":{"az":{"default":"us-west-2a"},"class":{"default":"db.t3.micro"},"name":{"default":"edu"},"private":{"default":"private"},"public":{"default":"public-read"},"size":{"default":40},"storage":{"default":10},"unrestricted":{"default":"public-read-write"}}}}},"variables":{"aws_access_key":{},"aws_secret_key":{},"region":{"default":"us-east-2"}}}}}
